version = 1
revision = 1
requires-python = ">=3.13"

[[package]]
name = "coverage"
version = "7.9.1"
source = { registry = "https://pypi.org/simple" }
sdist = { url = "https://files.pythonhosted.org/packages/e7/e0/98670a80884f64578f0c22cd70c5e81a6e07b08167721c7487b4d70a7ca0/coverage-7.9.1.tar.gz", hash = "sha256:6cf43c78c4282708a28e466316935ec7489a9c487518a77fa68f716c67909cec", size = 813650 }
wheels = [
    { url = "https://files.pythonhosted.org/packages/d0/a7/a027970c991ca90f24e968999f7d509332daf6b8c3533d68633930aaebac/coverage-7.9.1-cp313-cp313-macosx_10_13_x86_64.whl", hash = "sha256:31324f18d5969feef7344a932c32428a2d1a3e50b15a6404e97cba1cc9b2c631", size = 212358 },
    { url = "https://files.pythonhosted.org/packages/f2/48/6aaed3651ae83b231556750280682528fea8ac7f1232834573472d83e459/coverage-7.9.1-cp313-cp313-macosx_11_0_arm64.whl", hash = "sha256:0c804506d624e8a20fb3108764c52e0eef664e29d21692afa375e0dd98dc384f", size = 212620 },
    { url = "https://files.pythonhosted.org/packages/6c/2a/f4b613f3b44d8b9f144847c89151992b2b6b79cbc506dee89ad0c35f209d/coverage-7.9.1-cp313-cp313-manylinux_2_17_aarch64.manylinux2014_aarch64.whl", hash = "sha256:ef64c27bc40189f36fcc50c3fb8f16ccda73b6a0b80d9bd6e6ce4cffcd810bbd", size = 245788 },
    { url = "https://files.pythonhosted.org/packages/04/d2/de4fdc03af5e4e035ef420ed26a703c6ad3d7a07aff2e959eb84e3b19ca8/coverage-7.9.1-cp313-cp313-manylinux_2_5_i686.manylinux1_i686.manylinux_2_17_i686.manylinux2014_i686.whl", hash = "sha256:d4fe2348cc6ec372e25adec0219ee2334a68d2f5222e0cba9c0d613394e12d86", size = 243001 },
    { url = "https://files.pythonhosted.org/packages/f5/e8/eed18aa5583b0423ab7f04e34659e51101135c41cd1dcb33ac1d7013a6d6/coverage-7.9.1-cp313-cp313-manylinux_2_5_x86_64.manylinux1_x86_64.manylinux_2_17_x86_64.manylinux2014_x86_64.whl", hash = "sha256:34ed2186fe52fcc24d4561041979a0dec69adae7bce2ae8d1c49eace13e55c43", size = 244985 },
    { url = "https://files.pythonhosted.org/packages/17/f8/ae9e5cce8885728c934eaa58ebfa8281d488ef2afa81c3dbc8ee9e6d80db/coverage-7.9.1-cp313-cp313-musllinux_1_2_aarch64.whl", hash = "sha256:25308bd3d00d5eedd5ae7d4357161f4df743e3c0240fa773ee1b0f75e6c7c0f1", size = 245152 },
    { url = "https://files.pythonhosted.org/packages/5a/c8/272c01ae792bb3af9b30fac14d71d63371db227980682836ec388e2c57c0/coverage-7.9.1-cp313-cp313-musllinux_1_2_i686.whl", hash = "sha256:73e9439310f65d55a5a1e0564b48e34f5369bee943d72c88378f2d576f5a5751", size = 243123 },
    { url = "https://files.pythonhosted.org/packages/8c/d0/2819a1e3086143c094ab446e3bdf07138527a7b88cb235c488e78150ba7a/coverage-7.9.1-cp313-cp313-musllinux_1_2_x86_64.whl", hash = "sha256:37ab6be0859141b53aa89412a82454b482c81cf750de4f29223d52268a86de67", size = 244506 },
    { url = "https://files.pythonhosted.org/packages/8b/4e/9f6117b89152df7b6112f65c7a4ed1f2f5ec8e60c4be8f351d91e7acc848/coverage-7.9.1-cp313-cp313-win32.whl", hash = "sha256:64bdd969456e2d02a8b08aa047a92d269c7ac1f47e0c977675d550c9a0863643", size = 214766 },
    { url = "https://files.pythonhosted.org/packages/27/0f/4b59f7c93b52c2c4ce7387c5a4e135e49891bb3b7408dcc98fe44033bbe0/coverage-7.9.1-cp313-cp313-win_amd64.whl", hash = "sha256:be9e3f68ca9edb897c2184ad0eee815c635565dbe7a0e7e814dc1f7cbab92c0a", size = 215568 },
    { url = "https://files.pythonhosted.org/packages/09/1e/9679826336f8c67b9c39a359352882b24a8a7aee48d4c9cad08d38d7510f/coverage-7.9.1-cp313-cp313-win_arm64.whl", hash = "sha256:1c503289ffef1d5105d91bbb4d62cbe4b14bec4d13ca225f9c73cde9bb46207d", size = 213939 },
    { url = "https://files.pythonhosted.org/packages/bb/5b/5c6b4e7a407359a2e3b27bf9c8a7b658127975def62077d441b93a30dbe8/coverage-7.9.1-cp313-cp313t-macosx_10_13_x86_64.whl", hash = "sha256:0b3496922cb5f4215bf5caaef4cf12364a26b0be82e9ed6d050f3352cf2d7ef0", size = 213079 },
    { url = "https://files.pythonhosted.org/packages/a2/22/1e2e07279fd2fd97ae26c01cc2186e2258850e9ec125ae87184225662e89/coverage-7.9.1-cp313-cp313t-macosx_11_0_arm64.whl", hash = "sha256:9565c3ab1c93310569ec0d86b017f128f027cab0b622b7af288696d7ed43a16d", size = 213299 },
    { url = "https://files.pythonhosted.org/packages/14/c0/4c5125a4b69d66b8c85986d3321520f628756cf524af810baab0790c7647/coverage-7.9.1-cp313-cp313t-manylinux_2_17_aarch64.manylinux2014_aarch64.whl", hash = "sha256:2241ad5dbf79ae1d9c08fe52b36d03ca122fb9ac6bca0f34439e99f8327ac89f", size = 256535 },
    { url = "https://files.pythonhosted.org/packages/81/8b/e36a04889dda9960be4263e95e777e7b46f1bb4fc32202612c130a20c4da/coverage-7.9.1-cp313-cp313t-manylinux_2_5_i686.manylinux1_i686.manylinux_2_17_i686.manylinux2014_i686.whl", hash = "sha256:3bb5838701ca68b10ebc0937dbd0eb81974bac54447c55cd58dea5bca8451029", size = 252756 },
    { url = "https://files.pythonhosted.org/packages/98/82/be04eff8083a09a4622ecd0e1f31a2c563dbea3ed848069e7b0445043a70/coverage-7.9.1-cp313-cp313t-manylinux_2_5_x86_64.manylinux1_x86_64.manylinux_2_17_x86_64.manylinux2014_x86_64.whl", hash = "sha256:b30a25f814591a8c0c5372c11ac8967f669b97444c47fd794926e175c4047ece", size = 254912 },
    { url = "https://files.pythonhosted.org/packages/0f/25/c26610a2c7f018508a5ab958e5b3202d900422cf7cdca7670b6b8ca4e8df/coverage-7.9.1-cp313-cp313t-musllinux_1_2_aarch64.whl", hash = "sha256:2d04b16a6062516df97969f1ae7efd0de9c31eb6ebdceaa0d213b21c0ca1a683", size = 256144 },
    { url = "https://files.pythonhosted.org/packages/c5/8b/fb9425c4684066c79e863f1e6e7ecebb49e3a64d9f7f7860ef1688c56f4a/coverage-7.9.1-cp313-cp313t-musllinux_1_2_i686.whl", hash = "sha256:7931b9e249edefb07cd6ae10c702788546341d5fe44db5b6108a25da4dca513f", size = 254257 },
    { url = "https://files.pythonhosted.org/packages/93/df/27b882f54157fc1131e0e215b0da3b8d608d9b8ef79a045280118a8f98fe/coverage-7.9.1-cp313-cp313t-musllinux_1_2_x86_64.whl", hash = "sha256:52e92b01041151bf607ee858e5a56c62d4b70f4dac85b8c8cb7fb8a351ab2c10", size = 255094 },
    { url = "https://files.pythonhosted.org/packages/41/5f/cad1c3dbed8b3ee9e16fa832afe365b4e3eeab1fb6edb65ebbf745eabc92/coverage-7.9.1-cp313-cp313t-win32.whl", hash = "sha256:684e2110ed84fd1ca5f40e89aa44adf1729dc85444004111aa01866507adf363", size = 215437 },
    { url = "https://files.pythonhosted.org/packages/99/4d/fad293bf081c0e43331ca745ff63673badc20afea2104b431cdd8c278b4c/coverage-7.9.1-cp313-cp313t-win_amd64.whl", hash = "sha256:437c576979e4db840539674e68c84b3cda82bc824dd138d56bead1435f1cb5d7", size = 216605 },
    { url = "https://files.pythonhosted.org/packages/1f/56/4ee027d5965fc7fc126d7ec1187529cc30cc7d740846e1ecb5e92d31b224/coverage-7.9.1-cp313-cp313t-win_arm64.whl", hash = "sha256:18a0912944d70aaf5f399e350445738a1a20b50fbea788f640751c2ed9208b6c", size = 214392 },
    { url = "https://files.pythonhosted.org/packages/08/b8/7ddd1e8ba9701dea08ce22029917140e6f66a859427406579fd8d0ca7274/coverage-7.9.1-py3-none-any.whl", hash = "sha256:66b974b145aa189516b6bf2d8423e888b742517d37872f6ee4c5be0073bd9a3c", size = 204000 },
]

[[package]]
name = "prompt-toolkit"
version = "3.0.51"
source = { registry = "https://pypi.org/simple" }
dependencies = [
    { name = "wcwidth" },
]
sdist = { url = "https://files.pythonhosted.org/packages/bb/6e/9d084c929dfe9e3bfe0c6a47e31f78a25c54627d64a66e884a8bf5474f1c/prompt_toolkit-3.0.51.tar.gz", hash = "sha256:931a162e3b27fc90c86f1b48bb1fb2c528c2761475e57c9c06de13311c7b54ed", size = 428940 }
wheels = [
    { url = "https://files.pythonhosted.org/packages/ce/4f/5249960887b1fbe561d9ff265496d170b55a735b76724f10ef19f9e40716/prompt_toolkit-3.0.51-py3-none-any.whl", hash = "sha256:52742911fde84e2d423e2f9a4cf1de7d7ac4e51958f648d9540e0fb8db077b07", size = 387810 },
]

[[package]]
name = "pygments"
version = "2.19.1"
source = { registry = "https://pypi.org/simple" }
sdist = { url = "https://files.pythonhosted.org/packages/7c/2d/c3338d48ea6cc0feb8446d8e6937e1408088a72a39937982cc6111d17f84/pygments-2.19.1.tar.gz", hash = "sha256:61c16d2a8576dc0649d9f39e089b5f02bcd27fba10d8fb4dcc28173f7a45151f", size = 4968581 }
wheels = [
    { url = "https://files.pythonhosted.org/packages/8a/0b/9fcc47d19c48b59121088dd6da2488a49d5f72dacf8262e2790a1d2c7d15/pygments-2.19.1-py3-none-any.whl", hash = "sha256:9ea1544ad55cecf4b8242fab6dd35a93bbce657034b0611ee383099054ab6d8c", size = 1225293 },
]

[[package]]
name = "pyte"
version = "0.8.2"
source = { registry = "https://pypi.org/simple" }
dependencies = [
    { name = "wcwidth" },
]
sdist = { url = "https://files.pythonhosted.org/packages/ab/ab/b599762933eba04de7dc5b31ae083112a6c9a9db15b01d3109ad797559d9/pyte-0.8.2.tar.gz", hash = "sha256:5af970e843fa96a97149d64e170c984721f20e52227a2f57f0a54207f08f083f", size = 92301 }
wheels = [
    { url = "https://files.pythonhosted.org/packages/59/d0/bb522283b90853afbf506cd5b71c650cf708829914efd0003d615cf426cd/pyte-0.8.2-py3-none-any.whl", hash = "sha256:85db42a35798a5aafa96ac4d8da78b090b2c933248819157fc0e6f78876a0135", size = 31627 },
]

[[package]]
name = "reactive"
version = "0.1.0"
source = { editable = "." }
dependencies = [
    { name = "prompt-toolkit" },
    { name = "pygments" },
    { name = "pyte" },
]

[package.dev-dependencies]
dev = [
    { name = "coverage" },
]

[package.metadata]
requires-dist = [
    { name = "prompt-toolkit", specifier = ">=3.0.51" },
    { name = "pygments", specifier = ">=2.19.1" },
    { name = "pyte", specifier = ">=0.8.2" },
]

[package.metadata.requires-dev]
dev = [{ name = "coverage", specifier = ">=7.9.1" }]

[[package]]
name = "wcwidth"
version = "0.2.13"
source = { registry = "https://pypi.org/simple" }
sdist = { url = "https://files.pythonhosted.org/packages/6c/63/53559446a878410fc5a5974feb13d31d78d752eb18aeba59c7fef1af7598/wcwidth-0.2.13.tar.gz", hash = "sha256:72ea0c06399eb286d978fdedb6923a9eb47e1c486ce63e9b4e64fc18303972b5", size = 101301 }
wheels = [
    { url = "https://files.pythonhosted.org/packages/fd/84/fd2ba7aafacbad3c4201d395674fc6348826569da3c0937e75505ead3528/wcwidth-0.2.13-py2.py3-none-any.whl", hash = "sha256:3da69048e4540d84af32131829ff948f1e022c1c6bdb8d6102117aac784f6859", size = 34166 },
]
